PODS:
  - Flutter (1.0.0)
  - isar_flutter_libs (1.0.0):
    - Flutter

DEPENDENCIES:
  - Flutter (from `Flutter`)
  - isar_flutter_libs (from `.symlinks/plugins/isar_flutter_libs/ios`)

EXTERNAL SOURCES:
  Flutter:
    :path: Flutter
  isar_flutter_libs:
    :path: ".symlinks/plugins/isar_flutter_libs/ios"

SPEC CHECKSUMS:
  Flutter: 71a624a5bc0c04062bf19101d501e466baf2fb47
  isar_flutter_libs: b69f437aeab9c521821c3f376198c4371fa21073

PODFILE CHECKSUM: 13d9524fc30fa914a256885fbd8579022973ea71

COCOAPODS: 1.15.2
